
Microsoft Visual Studio Solution File, Format Version 12.00
# Visual Studio Version 16
VisualStudioVersion = 16.0.29926.136
MinimumVisualStudioVersion = 10.0.40219.1
Project("{FAE04EC0-301F-11D3-BF4B-00C04F79EFBC}") = "HealthCheckWithRabbitMQDocker", "HealthCheckWithRabbitMQDocker.csproj", "{ED8DE320-E556-402D-8842-F220C19C1FAF}"
EndProject
Project("{E53339B2-1760-4266-BCC7-CA923CBCF16C}") = "docker-compose", "docker-compose.dcproj", "{6A72EE8E-65BD-4779-9662-A4DE878E3FCC}"
EndProject
Global
	GlobalSection(SolutionConfigurationPlatforms) = preSolution
		Debug|Any CPU = Debug|Any CPU
		Release|Any CPU = Release|Any CPU
	EndGlobalSection
	GlobalSection(ProjectConfigurationPlatforms) = postSolution
		{ED8DE320-E556-402D-8842-F220C19C1FAF}.Debug|Any CPU.ActiveCfg = Debug|Any CPU
		{ED8DE320-E556-402D-8842-F220C19C1FAF}.Debug|Any CPU.Build.0 = Debug|Any CPU
		{ED8DE320-E556-402D-8842-F220C19C1FAF}.Release|Any CPU.ActiveCfg = Release|Any CPU
		{ED8DE320-E556-402D-8842-F220C19C1FAF}.Release|Any CPU.Build.0 = Release|Any CPU
		{6A72EE8E-65BD-4779-9662-A4DE878E3FCC}.Debug|Any CPU.ActiveCfg = Debug|Any CPU
		{6A72EE8E-65BD-4779-9662-A4DE878E3FCC}.Debug|Any CPU.Build.0 = Debug|Any CPU
		{6A72EE8E-65BD-4779-9662-A4DE878E3FCC}.Release|Any CPU.ActiveCfg = Release|Any CPU
		{6A72EE8E-65BD-4779-9662-A4DE878E3FCC}.Release|Any CPU.Build.0 = Release|Any CPU
	EndGlobalSection
	GlobalSection(SolutionProperties) = preSolution
		HideSolutionNode = FALSE
	EndGlobalSection
	GlobalSection(ExtensibilityGlobals) = postSolution
		SolutionGuid = {EF4EB1E8-7BFF-4585-939F-F35D7215B7FF}
	EndGlobalSection
EndGlobal
